{
  "name": "demo-deploy-webapp-to-cpanel",
  "version": "0.1.0",
  "lockfileVersion": 3,
  "requires": true,
  "packages": {
    "": {
      "name": "demo-deploy-webapp-to-cpanel",
      "version": "0.1.0",
      "license": "ISC",
      "devDependencies": {
        "@eslint/js": "^9.11.1",
        "@types/eslint__js": "^8.42.3"
      }
    },
    "node_modules/@eslint/js": {
      "version": "9.12.0",
      "resolved": "https://registry.npmjs.org/@eslint/js/-/js-9.12.0.tgz",
      "integrity": "sha512-eohesHH8WFRUprDNyEREgqP6beG6htMeUYeCpkEgBCieCMme5r9zFWjzAJp//9S+Kub4rqE+jXe9Cp1a7IYIIA==",
      "dev": true,
      "license": "MIT",
      "engines": {
        "node": "^18.18.0 || ^20.9.0 || >=21.1.0"
      }
    },
    "node_modules/@types/eslint": {
      "version": "9.6.1",
      "resolved": "https://registry.npmjs.org/@types/eslint/-/eslint-9.6.1.tgz",
      "integrity": "sha512-FXx2pKgId/WyYo2jXw63kk7/+TY7u7AziEJxJAnSFzHlqTAS3Ync6SvgYAN/k4/PQpnnVuzoMuVnByKK2qp0ag==",
      "dev": true,
      "license": "MIT",
      "dependencies": {
        "@types/estree": "*",
        "@types/json-schema": "*"
      }
    },
    "node_modules/@types/eslint__js": {
      "version": "8.42.3",
      "resolved": "https://registry.npmjs.org/@types/eslint__js/-/eslint__js-8.42.3.tgz",
      "integrity": "sha512-alfG737uhmPdnvkrLdZLcEKJ/B8s9Y4hrZ+YAdzUeoArBlSUERA2E87ROfOaS4jd/C45fzOoZzidLc1IPwLqOw==",
      "dev": true,
      "license": "MIT",
      "dependencies": {
        "@types/eslint": "*"
      }
    },
    "node_modules/@types/estree": {
      "version": "1.0.6",
      "resolved": "https://registry.npmjs.org/@types/estree/-/estree-1.0.6.tgz",
      "integrity": "sha512-AYnb1nQyY49te+VRAVgmzfcgjYS91mY5P0TKUDCLEM+gNnA+3T6rWITXRLYCpahpqSQbN5cE+gHpnPyXjHWxcw==",
      "dev": true,
      "license": "MIT"
    },
    "node_modules/@types/json-schema": {
      "version": "7.0.15",
      "resolved": "https://registry.npmjs.org/@types/json-schema/-/json-schema-7.0.15.tgz",
      "integrity": "sha512-5+fP8P8MFNC+AyZCDxrB2pkZFPGzqQWUzpSeuuVLvm8VMcorNYavBqoFcxK8bQz4Qsbn4oUEEem4wDLfcysGHA==",
      "dev": true,
      "license": "MIT"
    }
  }
}
